
Microsoft Visual Studio Solution File, Format Version 11.00
# Visual Studio 2010
Project("{8BC9CEB8-8B4A-11D0-8D11-00A0C91BC942}") = "00357014", "00357014\00357014.vcxproj", "{3B626CEF-A94A-4D0A-B23D-E3DDD1695729}"
EndProject
Global
	GlobalSection(SolutionConfigurationPlatforms) = preSolution
		Debug|Win32 = Debug|Win32
		Release|Win32 = Release|Win32
	EndGlobalSection
	GlobalSection(ProjectConfigurationPlatforms) = postSolution
		{3B626CEF-A94A-4D0A-B23D-E3DDD1695729}.Debug|Win32.ActiveCfg = Debug|Win32
		{3B626CEF-A94A-4D0A-B23D-E3DDD1695729}.Debug|Win32.Build.0 = Debug|Win32
		{3B626CEF-A94A-4D0A-B23D-E3DDD1695729}.Release|Win32.ActiveCfg = Release|Win32
		{3B626CEF-A94A-4D0A-B23D-E3DDD1695729}.Release|Win32.Build.0 = Release|Win32
	EndGlobalSection
	GlobalSection(SolutionProperties) = preSolution
		HideSolutionNode = FALSE
	EndGlobalSection
EndGlobal
